{
  "name": "FlexiHand",
  "lockfileVersion": 3,
  "requires": true,
  "packages": {
    "": {
      "dependencies": {
        "@mediapipe/tasks-vision": "^0.10.32"
      }
    },
    "node_modules/@mediapipe/tasks-vision": {
      "version": "0.10.32",
      "resolved": "https://registry.npmjs.org/@mediapipe/tasks-vision/-/tasks-vision-0.10.32.tgz",
      "integrity": "sha512-3tiAZnmKloYnRXYoO3dKltTUGnqeCwzC4lV03uY0vCsE+aveJTyEVQyZHOlQGQNsjK+gRHzkf9q08C99Qm2K0Q==",
      "license": "Apache-2.0"
    }
  }
}
